# THIS IS AN AUTOGENERATED FILE. DO NOT EDIT THIS FILE DIRECTLY.
# yarn lockfile v1


snabbdom@^1.0.1:
  version "1.0.1"
  resolved "https://registry.yarnpkg.com/snabbdom/-/snabbdom-1.0.1.tgz#56de29b7499e6a9ee05e024ce3fc75d71761c08a"
  integrity sha512-0IN32ASHP32FUqIHERW2sS5EPX58NmYPa2bQVGRw9WdSL4t70hhgZ2jqMgtupaqdV3upBMMLfO003IqrDZ99nw==
